
Microsoft Visual Studio Solution File, Format Version 12.00
# Visual Studio 2013
VisualStudioVersion = 12.0.40418.0
MinimumVisualStudioVersion = 10.0.40219.1
Project("{FAE04EC0-301F-11D3-BF4B-00C04F79EFBC}") = "MD.BootstrapPersianDateTimePicker", "MD.BootstrapPersianDateTimePicker\MD.BootstrapPersianDateTimePicker.csproj", "{D874FF6C-C5B7-4584-8AAC-BBEB38573EAA}"
EndProject
Global
	GlobalSection(TeamFoundationVersionControl) = preSolution
		SccNumberOfProjects = 2
		SccEnterpriseProvider = {4CA58AB2-18FA-4F8D-95D4-32DDF27D184C}
		SccTeamFoundationServer = https://mohammad92.visualstudio.com/defaultcollection
		SccLocalPath0 = .
		SccProjectUniqueName1 = MD.BootstrapPersianDateTimePicker\\MD.BootstrapPersianDateTimePicker.csproj
		SccProjectName1 = MD.BootstrapPersianDateTimePicker
		SccLocalPath1 = MD.BootstrapPersianDateTimePicker
	EndGlobalSection
	GlobalSection(SolutionConfigurationPlatforms) = preSolution
		Debug|Any CPU = Debug|Any CPU
		Release|Any CPU = Release|Any CPU
	EndGlobalSection
	GlobalSection(ProjectConfigurationPlatforms) = postSolution
		{D874FF6C-C5B7-4584-8AAC-BBEB38573EAA}.Debug|Any CPU.ActiveCfg = Debug|Any CPU
		{D874FF6C-C5B7-4584-8AAC-BBEB38573EAA}.Debug|Any CPU.Build.0 = Debug|Any CPU
		{D874FF6C-C5B7-4584-8AAC-BBEB38573EAA}.Release|Any CPU.ActiveCfg = Release|Any CPU
		{D874FF6C-C5B7-4584-8AAC-BBEB38573EAA}.Release|Any CPU.Build.0 = Release|Any CPU
	EndGlobalSection
	GlobalSection(SolutionProperties) = preSolution
		HideSolutionNode = FALSE
	EndGlobalSection
EndGlobal
